
Microsoft Visual Studio Solution File, Format Version 12.00
# Visual Studio 15
VisualStudioVersion = 15.0.26430.15
MinimumVisualStudioVersion = 10.0.40219.1
Project("{FAE04EC0-301F-11D3-BF4B-00C04F79EFBC}") = "ERP1.0", "ERP1.0\ERP1.0.csproj", "{FBDA5093-0F40-4682-B8B0-535C7A2620F5}"
EndProject
Project("{FAE04EC0-301F-11D3-BF4B-00C04F79EFBC}") = "ERP1.0.Tests", "ERP1.0.Tests\ERP1.0.Tests.csproj", "{358444BA-26DC-428F-AB0F-609A8D0103FD}"
EndProject
Global
	GlobalSection(SolutionConfigurationPlatforms) = preSolution
		Debug|Any CPU = Debug|Any CPU
		Release|Any CPU = Release|Any CPU
	EndGlobalSection
	GlobalSection(ProjectConfigurationPlatforms) = postSolution
		{FBDA5093-0F40-4682-B8B0-535C7A2620F5}.Debug|Any CPU.ActiveCfg = Debug|Any CPU
		{FBDA5093-0F40-4682-B8B0-535C7A2620F5}.Debug|Any CPU.Build.0 = Debug|Any CPU
		{FBDA5093-0F40-4682-B8B0-535C7A2620F5}.Release|Any CPU.ActiveCfg = Release|Any CPU
		{FBDA5093-0F40-4682-B8B0-535C7A2620F5}.Release|Any CPU.Build.0 = Release|Any CPU
		{358444BA-26DC-428F-AB0F-609A8D0103FD}.Debug|Any CPU.ActiveCfg = Debug|Any CPU
		{358444BA-26DC-428F-AB0F-609A8D0103FD}.Debug|Any CPU.Build.0 = Debug|Any CPU
		{358444BA-26DC-428F-AB0F-609A8D0103FD}.Release|Any CPU.ActiveCfg = Release|Any CPU
		{358444BA-26DC-428F-AB0F-609A8D0103FD}.Release|Any CPU.Build.0 = Release|Any CPU
	EndGlobalSection
	GlobalSection(SolutionProperties) = preSolution
		HideSolutionNode = FALSE
	EndGlobalSection
EndGlobal
